
Microsoft Visual Studio Solution File, Format Version 12.00
# Visual Studio Version 16
VisualStudioVersion = 16.0.33423.256
MinimumVisualStudioVersion = 10.0.40219.1
Project("{888888A0-9F3D-457C-B088-3A5042F75D52}") = "ToDo-bot", "ToDo-bot\ToDo-bot.pyproj", "{B68ABDB0-D419-4946-B1FC-23C294398957}"
EndProject
Global
	GlobalSection(SolutionConfigurationPlatforms) = preSolution
		Debug|Any CPU = Debug|Any CPU
		Release|Any CPU = Release|Any CPU
	EndGlobalSection
	GlobalSection(ProjectConfigurationPlatforms) = postSolution
		{B68ABDB0-D419-4946-B1FC-23C294398957}.Debug|Any CPU.ActiveCfg = Debug|Any CPU
		{B68ABDB0-D419-4946-B1FC-23C294398957}.Release|Any CPU.ActiveCfg = Release|Any CPU
	EndGlobalSection
	GlobalSection(SolutionProperties) = preSolution
		HideSolutionNode = FALSE
	EndGlobalSection
	GlobalSection(ExtensibilityGlobals) = postSolution
		SolutionGuid = {616407B1-5825-43BC-A443-AC7690E0B580}
	EndGlobalSection
EndGlobal
